
Microsoft Visual Studio Solution File, Format Version 12.00
# Visual Studio Version 17
VisualStudioVersion = 17.1.32319.34
MinimumVisualStudioVersion = 10.0.40219.1
Project("{FAE04EC0-301F-11D3-BF4B-00C04F79EFBC}") = "Strategy_oodp_3", "Strategy_oodp_3\Strategy_oodp_3.csproj", "{9C871B37-A602-49FD-85E0-2BB6A37EEE57}"
EndProject
Global
	GlobalSection(SolutionConfigurationPlatforms) = preSolution
		Debug|Any CPU = Debug|Any CPU
		Release|Any CPU = Release|Any CPU
	EndGlobalSection
	GlobalSection(ProjectConfigurationPlatforms) = postSolution
		{9C871B37-A602-49FD-85E0-2BB6A37EEE57}.Debug|Any CPU.ActiveCfg = Debug|Any CPU
		{9C871B37-A602-49FD-85E0-2BB6A37EEE57}.Debug|Any CPU.Build.0 = Debug|Any CPU
		{9C871B37-A602-49FD-85E0-2BB6A37EEE57}.Release|Any CPU.ActiveCfg = Release|Any CPU
		{9C871B37-A602-49FD-85E0-2BB6A37EEE57}.Release|Any CPU.Build.0 = Release|Any CPU
	EndGlobalSection
	GlobalSection(SolutionProperties) = preSolution
		HideSolutionNode = FALSE
	EndGlobalSection
	GlobalSection(ExtensibilityGlobals) = postSolution
		SolutionGuid = {14238144-4509-49FE-9C78-04C5789CD122}
	EndGlobalSection
EndGlobal
